
Microsoft Visual Studio Solution File, Format Version 12.00
# Visual Studio Version 17
VisualStudioVersion = 17.3.32929.385
MinimumVisualStudioVersion = 10.0.40219.1
Project("{FAE04EC0-301F-11D3-BF4B-00C04F79EFBC}") = "DAL", "DAL\DAL.csproj", "{630F6A3C-A1D5-4FDD-A8C1-E36ACFFF68C2}"
EndProject
Project("{FAE04EC0-301F-11D3-BF4B-00C04F79EFBC}") = "BLL", "BLL\BLL.csproj", "{6BAF0621-8E21-47F4-AFBD-1A393EEF99E2}"
EndProject
Project("{FAE04EC0-301F-11D3-BF4B-00C04F79EFBC}") = "WINUI", "UI\WINUI.csproj", "{63E387E9-D2A8-43FB-BB73-E84CE27A7560}"
EndProject
Global
	GlobalSection(SolutionConfigurationPlatforms) = preSolution
		Debug|Any CPU = Debug|Any CPU
		Release|Any CPU = Release|Any CPU
	EndGlobalSection
	GlobalSection(ProjectConfigurationPlatforms) = postSolution
		{630F6A3C-A1D5-4FDD-A8C1-E36ACFFF68C2}.Debug|Any CPU.ActiveCfg = Debug|Any CPU
		{630F6A3C-A1D5-4FDD-A8C1-E36ACFFF68C2}.Debug|Any CPU.Build.0 = Debug|Any CPU
		{630F6A3C-A1D5-4FDD-A8C1-E36ACFFF68C2}.Release|Any CPU.ActiveCfg = Release|Any CPU
		{630F6A3C-A1D5-4FDD-A8C1-E36ACFFF68C2}.Release|Any CPU.Build.0 = Release|Any CPU
		{6BAF0621-8E21-47F4-AFBD-1A393EEF99E2}.Debug|Any CPU.ActiveCfg = Debug|Any CPU
		{6BAF0621-8E21-47F4-AFBD-1A393EEF99E2}.Debug|Any CPU.Build.0 = Debug|Any CPU
		{6BAF0621-8E21-47F4-AFBD-1A393EEF99E2}.Release|Any CPU.ActiveCfg = Release|Any CPU
		{6BAF0621-8E21-47F4-AFBD-1A393EEF99E2}.Release|Any CPU.Build.0 = Release|Any CPU
		{63E387E9-D2A8-43FB-BB73-E84CE27A7560}.Debug|Any CPU.ActiveCfg = Debug|Any CPU
		{63E387E9-D2A8-43FB-BB73-E84CE27A7560}.Debug|Any CPU.Build.0 = Debug|Any CPU
		{63E387E9-D2A8-43FB-BB73-E84CE27A7560}.Release|Any CPU.ActiveCfg = Release|Any CPU
		{63E387E9-D2A8-43FB-BB73-E84CE27A7560}.Release|Any CPU.Build.0 = Release|Any CPU
	EndGlobalSection
	GlobalSection(SolutionProperties) = preSolution
		HideSolutionNode = FALSE
	EndGlobalSection
	GlobalSection(ExtensibilityGlobals) = postSolution
		SolutionGuid = {52F88984-82E7-4A29-B647-5BB080FCC7D8}
	EndGlobalSection
EndGlobal
